
Microsoft Visual Studio Solution File, Format Version 12.00
# Visual Studio Version 17
VisualStudioVersion = 17.8.34408.163
MinimumVisualStudioVersion = 10.0.40219.1
Project("{9A19103F-16F7-4668-BE54-9A1E7A4F7556}") = "EventManagementAPI", "EventManagement\EventManagementAPI.csproj", "{5A361A85-4B36-441B-8770-3830149BC5A6}"
EndProject
Project("{9A19103F-16F7-4668-BE54-9A1E7A4F7556}") = "EventManagement_BusinessObjects", "EventManagement_BusinessObjects\EventManagement_BusinessObjects.csproj", "{7B9CFF01-3DB1-474E-ACD8-4A968AF21127}"
EndProject
Project("{9A19103F-16F7-4668-BE54-9A1E7A4F7556}") = "EventManagement_DAOs", "EventManagement_DAOs\EventManagement_DAOs.csproj", "{A9E3D27F-D1C4-413E-83EC-2C8D69A5AA7F}"
EndProject
Project("{9A19103F-16F7-4668-BE54-9A1E7A4F7556}") = "EventManagement_Services", "EventManagement_Services\EventManagement_Services.csproj", "{DD9A7244-D463-486D-BB96-2EFA0FE5C443}"
EndProject
Project("{9A19103F-16F7-4668-BE54-9A1E7A4F7556}") = "EventManagement_Repositories", "EventManagement_Repositories\EventManagement_Repositories.csproj", "{94975AAD-5B7A-4D7D-A431-8D7FF61FE092}"
EndProject
Project("{9A19103F-16F7-4668-BE54-9A1E7A4F7556}") = "EventManagement_ODataExample", "EventManagement_ODataExample\EventManagement_ODataExample.csproj", "{B346C47F-40F1-4FD2-8A31-19FB36A7FDE3}"
EndProject
Project("{9A19103F-16F7-4668-BE54-9A1E7A4F7556}") = "EventManagement_WCFExamples", "EventManagement_WCFExamples\EventManagement_WCFExamples.csproj", "{6D14DD9C-A5F2-45E2-935A-375FCB99D7D6}"
EndProject
Project("{FAE04EC0-301F-11D3-BF4B-00C04F79EFBC}") = "EventManagement_gRPCExamples", "EventManagement_gRPCExamples\EventManagement_gRPCExamples.csproj", "{A3ED8D3B-D50D-42A8-944A-0C6229020D34}"
EndProject
Global
	GlobalSection(SolutionConfigurationPlatforms) = preSolution
		Debug|Any CPU = Debug|Any CPU
		Release|Any CPU = Release|Any CPU
	EndGlobalSection
	GlobalSection(ProjectConfigurationPlatforms) = postSolution
		{5A361A85-4B36-441B-8770-3830149BC5A6}.Debug|Any CPU.ActiveCfg = Debug|Any CPU
		{5A361A85-4B36-441B-8770-3830149BC5A6}.Debug|Any CPU.Build.0 = Debug|Any CPU
		{5A361A85-4B36-441B-8770-3830149BC5A6}.Release|Any CPU.ActiveCfg = Release|Any CPU
		{5A361A85-4B36-441B-8770-3830149BC5A6}.Release|Any CPU.Build.0 = Release|Any CPU
		{7B9CFF01-3DB1-474E-ACD8-4A968AF21127}.Debug|Any CPU.ActiveCfg = Debug|Any CPU
		{7B9CFF01-3DB1-474E-ACD8-4A968AF21127}.Debug|Any CPU.Build.0 = Debug|Any CPU
		{7B9CFF01-3DB1-474E-ACD8-4A968AF21127}.Release|Any CPU.ActiveCfg = Release|Any CPU
		{7B9CFF01-3DB1-474E-ACD8-4A968AF21127}.Release|Any CPU.Build.0 = Release|Any CPU
		{A9E3D27F-D1C4-413E-83EC-2C8D69A5AA7F}.Debug|Any CPU.ActiveCfg = Debug|Any CPU
		{A9E3D27F-D1C4-413E-83EC-2C8D69A5AA7F}.Debug|Any CPU.Build.0 = Debug|Any CPU
		{A9E3D27F-D1C4-413E-83EC-2C8D69A5AA7F}.Release|Any CPU.ActiveCfg = Release|Any CPU
		{A9E3D27F-D1C4-413E-83EC-2C8D69A5AA7F}.Release|Any CPU.Build.0 = Release|Any CPU
		{DD9A7244-D463-486D-BB96-2EFA0FE5C443}.Debug|Any CPU.ActiveCfg = Debug|Any CPU
		{DD9A7244-D463-486D-BB96-2EFA0FE5C443}.Debug|Any CPU.Build.0 = Debug|Any CPU
		{DD9A7244-D463-486D-BB96-2EFA0FE5C443}.Release|Any CPU.ActiveCfg = Release|Any CPU
		{DD9A7244-D463-486D-BB96-2EFA0FE5C443}.Release|Any CPU.Build.0 = Release|Any CPU
		{94975AAD-5B7A-4D7D-A431-8D7FF61FE092}.Debug|Any CPU.ActiveCfg = Debug|Any CPU
		{94975AAD-5B7A-4D7D-A431-8D7FF61FE092}.Debug|Any CPU.Build.0 = Debug|Any CPU
		{94975AAD-5B7A-4D7D-A431-8D7FF61FE092}.Release|Any CPU.ActiveCfg = Release|Any CPU
		{94975AAD-5B7A-4D7D-A431-8D7FF61FE092}.Release|Any CPU.Build.0 = Release|Any CPU
		{B346C47F-40F1-4FD2-8A31-19FB36A7FDE3}.Debug|Any CPU.ActiveCfg = Debug|Any CPU
		{B346C47F-40F1-4FD2-8A31-19FB36A7FDE3}.Debug|Any CPU.Build.0 = Debug|Any CPU
		{B346C47F-40F1-4FD2-8A31-19FB36A7FDE3}.Release|Any CPU.ActiveCfg = Release|Any CPU
		{B346C47F-40F1-4FD2-8A31-19FB36A7FDE3}.Release|Any CPU.Build.0 = Release|Any CPU
		{6D14DD9C-A5F2-45E2-935A-375FCB99D7D6}.Debug|Any CPU.ActiveCfg = Debug|Any CPU
		{6D14DD9C-A5F2-45E2-935A-375FCB99D7D6}.Debug|Any CPU.Build.0 = Debug|Any CPU
		{6D14DD9C-A5F2-45E2-935A-375FCB99D7D6}.Release|Any CPU.ActiveCfg = Release|Any CPU
		{6D14DD9C-A5F2-45E2-935A-375FCB99D7D6}.Release|Any CPU.Build.0 = Release|Any CPU
		{A3ED8D3B-D50D-42A8-944A-0C6229020D34}.Debug|Any CPU.ActiveCfg = Debug|Any CPU
		{A3ED8D3B-D50D-42A8-944A-0C6229020D34}.Debug|Any CPU.Build.0 = Debug|Any CPU
		{A3ED8D3B-D50D-42A8-944A-0C6229020D34}.Release|Any CPU.ActiveCfg = Release|Any CPU
		{A3ED8D3B-D50D-42A8-944A-0C6229020D34}.Release|Any CPU.Build.0 = Release|Any CPU
	EndGlobalSection
	GlobalSection(SolutionProperties) = preSolution
		HideSolutionNode = FALSE
	EndGlobalSection
	GlobalSection(ExtensibilityGlobals) = postSolution
		SolutionGuid = {3EF827A8-8CB6-4E93-8EE4-0FC03D715E9B}
	EndGlobalSection
EndGlobal
